<?xml version="1.0" encoding="utf-8"?>
<Project ToolsVersion="4.0" xmlns="http://schemas.microsoft.com/developer/msbuild/2003">
  <ItemGroup>
    <Filter Include="ソース ファイル">
      <UniqueIdentifier>{4FC737F1-C7A5-4376-A066-2A32D752A2FF}</UniqueIdentifier>
      <Extensions>cpp;c;cc;cxx;c++;cppm;ixx;def;odl;idl;hpj;bat;asm;asmx</Extensions>
    </Filter>
    <Filter Include="ヘッダー ファイル">
      <UniqueIdentifier>{93995380-89BD-4b04-88EB-625FBE52EBFB}</UniqueIdentifier>
      <Extensions>h;hh;hpp;hxx;h++;hm;inl;inc;ipp;xsd</Extensions>
    </Filter>
    <Filter Include="リソース ファイル">
      <UniqueIdentifier>{67DA6AB6-F800-4c08-8B7A-83BB121AAD01}</UniqueIdentifier>
      <Extensions>rc;ico;cur;bmp;dlg;rc2;rct;bin;rgs;gif;jpg;jpeg;jpe;resx;tiff;tif;png;wav;mfcribbon-ms</Extensions>
    </Filter>
    <Filter Include="シェーダー ファイル">
      <UniqueIdentifier>{718c7f4c-fc51-40ad-a221-b9456a7a1a3c}</UniqueIdentifier>
    </Filter>
    <Filter Include="player">
      <UniqueIdentifier>{b3b7dde9-23b2-4667-a190-8f300ea30652}</UniqueIdentifier>
    </Filter>
    <Filter Include="enemy">
      <UniqueIdentifier>{17dcfb25-3674-47d4-b530-dace3bf82d04}</UniqueIdentifier>
    </Filter>
    <Filter Include="scene">
      <UniqueIdentifier>{8fc2981c-7d35-495d-8be5-c78c87d59294}</UniqueIdentifier>
    </Filter>
    <Filter Include="UI">
      <UniqueIdentifier>{3ae60bb9-7123-484f-a7b1-06ea15982295}</UniqueIdentifier>
    </Filter>
  </ItemGroup>
  <ItemGroup>
    <ClCompile Include="main.cpp">
      <Filter>ソース ファイル</Filter>
    </ClCompile>
    <ClCompile Include="Collision.cpp">
      <Filter>ソース ファイル</Filter>
    </ClCompile>
    <ClCompile Include="kMath.cpp">
      <Filter>ソース ファイル</Filter>
    </ClCompile>
    <ClCompile Include="SkyDome.cpp">
      <Filter>ソース ファイル</Filter>
    </ClCompile>
    <ClCompile Include="WorldTransformEx.cpp">
      <Filter>ソース ファイル</Filter>
    </ClCompile>
    <ClCompile Include="PlayerBullet.cpp">
      <Filter>player</Filter>
    </ClCompile>
    <ClCompile Include="Player.cpp">
      <Filter>player</Filter>
    </ClCompile>
    <ClCompile Include="EnemyBullet.cpp">
      <Filter>enemy</Filter>
    </ClCompile>
    <ClCompile Include="Enemy.cpp">
      <Filter>enemy</Filter>
    </ClCompile>
    <ClCompile Include="Title.cpp">
      <Filter>scene</Filter>
    </ClCompile>
    <ClCompile Include="SceneState.cpp">
      <Filter>scene</Filter>
    </ClCompile>
    <ClCompile Include="Rule.cpp">
      <Filter>scene</Filter>
    </ClCompile>
    <ClCompile Include="GameScene.cpp">
      <Filter>scene</Filter>
    </ClCompile>
    <ClCompile Include="GameOver.cpp">
      <Filter>scene</Filter>
    </ClCompile>
    <ClCompile Include="GameClear.cpp">
      <Filter>scene</Filter>
    </ClCompile>
    <ClCompile Include="HpBarBillboard.cpp">
      <Filter>UI</Filter>
    </ClCompile>
    <ClCompile Include="HpBar2D.cpp">
      <Filter>UI</Filter>
    </ClCompile>
    <ClCompile Include="StarField.cpp">
      <Filter>ソース ファイル</Filter>
    </ClCompile>
    <ClCompile Include="HitFlash.cpp">
      <Filter>ソース ファイル</Filter>
    </ClCompile>
    <ClCompile Include="Actor.cpp">
      <Filter>ソース ファイル</Filter>
    </ClCompile>
    <ClCompile Include="EnemyNormalState.cpp">
      <Filter>enemy</Filter>
    </ClCompile>
    <ClCompile Include="EnemyApproachState.cpp">
      <Filter>enemy</Filter>
    </ClCompile>
    <ClCompile Include="EnemyRetreatState.cpp">
      <Filter>enemy</Filter>
    </ClCompile>
    <ClCompile Include="GamePlayingState.cpp">
      <Filter>player</Filter>
    </ClCompile>
    <ClCompile Include="GamePausedState.cpp">
      <Filter>player</Filter>
    </ClCompile>
  </ItemGroup>
  <ItemGroup>
    <FxCompile Include="Resources\shaders\SpritePS.hlsl">
      <Filter>シェーダー ファイル</Filter>
    </FxCompile>
    <FxCompile Include="Resources\shaders\SpriteVS.hlsl">
      <Filter>シェーダー ファイル</Filter>
    </FxCompile>
    <FxCompile Include="Resources\shaders\ShapeVS.hlsl">
      <Filter>シェーダー ファイル</Filter>
    </FxCompile>
    <FxCompile Include="Resources\shaders\ShapePS.hlsl">
      <Filter>シェーダー ファイル</Filter>
    </FxCompile>
    <FxCompile Include="Resources\shaders\ObjPS.hlsl">
      <Filter>シェーダー ファイル</Filter>
    </FxCompile>
    <FxCompile Include="Resources\shaders\ObjVS.hlsl">
      <Filter>シェーダー ファイル</Filter>
    </FxCompile>
    <FxCompile Include="Resources\shaders\PrimitivePS.hlsl">
      <Filter>シェーダー ファイル</Filter>
    </FxCompile>
    <FxCompile Include="Resources\shaders\PrimitiveVS.hlsl">
      <Filter>シェーダー ファイル</Filter>
    </FxCompile>
    <FxCompile Include="Resources\shaders\TerrainPS.hlsl">
      <Filter>シェーダー ファイル</Filter>
    </FxCompile>
    <FxCompile Include="Resources\shaders\TerrainVS.hlsl">
      <Filter>シェーダー ファイル</Filter>
    </FxCompile>
  </ItemGroup>
  <ItemGroup>
    <None Include="Resources\shaders\Sprite.hlsli">
      <Filter>シェーダー ファイル</Filter>
    </None>
    <None Include="Resources\shaders\Shape.hlsli">
      <Filter>シェーダー ファイル</Filter>
    </None>
    <None Include="Resources\shaders\Obj.hlsli">
      <Filter>シェーダー ファイル</Filter>
    </None>
    <None Include="Resources\shaders\Primitive.hlsli">
      <Filter>シェーダー ファイル</Filter>
    </None>
    <None Include="Resources\shaders\Terrain.hlsli">
      <Filter>シェーダー ファイル</Filter>
    </None>
  </ItemGroup>
  <ItemGroup>
    <ClInclude Include="Collision.h">
      <Filter>ヘッダー ファイル</Filter>
    </ClInclude>
    <ClInclude Include="kMath.h">
      <Filter>ヘッダー ファイル</Filter>
    </ClInclude>
    <ClInclude Include="SkyDome.h">
      <Filter>ヘッダー ファイル</Filter>
    </ClInclude>
    <ClInclude Include="Player.h">
      <Filter>player</Filter>
    </ClInclude>
    <ClInclude Include="PlayerBullet.h">
      <Filter>player</Filter>
    </ClInclude>
    <ClInclude Include="Enemy.h">
      <Filter>enemy</Filter>
    </ClInclude>
    <ClInclude Include="EnemyBullet.h">
      <Filter>enemy</Filter>
    </ClInclude>
    <ClInclude Include="Title.h">
      <Filter>scene</Filter>
    </ClInclude>
    <ClInclude Include="SceneState.h">
      <Filter>scene</Filter>
    </ClInclude>
    <ClInclude Include="Rule.h">
      <Filter>scene</Filter>
    </ClInclude>
    <ClInclude Include="GameScene.h">
      <Filter>scene</Filter>
    </ClInclude>
    <ClInclude Include="GameOver.h">
      <Filter>scene</Filter>
    </ClInclude>
    <ClInclude Include="GameClear.h">
      <Filter>scene</Filter>
    </ClInclude>
    <ClInclude Include="HpBarBillboard.h">
      <Filter>UI</Filter>
    </ClInclude>
    <ClInclude Include="HpBar2D.h">
      <Filter>UI</Filter>
    </ClInclude>
    <ClInclude Include="StarField.h">
      <Filter>ヘッダー ファイル</Filter>
    </ClInclude>
    <ClInclude Include="HitFlash.h">
      <Filter>ヘッダー ファイル</Filter>
    </ClInclude>
    <ClInclude Include="Actor.h">
      <Filter>ヘッダー ファイル</Filter>
    </ClInclude>
    <ClInclude Include="IScene.h">
      <Filter>ヘッダー ファイル</Filter>
    </ClInclude>
    <ClInclude Include="IEnemyZState.h">
      <Filter>enemy</Filter>
    </ClInclude>
    <ClInclude Include="EnemyNormalState.h">
      <Filter>enemy</Filter>
    </ClInclude>
    <ClInclude Include="EnemyApproachState.h">
      <Filter>enemy</Filter>
    </ClInclude>
    <ClInclude Include="EnemyRetreatState.h">
      <Filter>enemy</Filter>
    </ClInclude>
    <ClInclude Include="IGamePlayState.h">
      <Filter>player</Filter>
    </ClInclude>
    <ClInclude Include="GamePlayingState.h">
      <Filter>player</Filter>
    </ClInclude>
    <ClInclude Include="GamePausedState.h">
      <Filter>player</Filter>
    </ClInclude>
  </ItemGroup>
</Project>